// !$*UTF8*$!
{
	archiveVersion = 1;
	classes = {
	};
	objectVersion = 46;
	objects = {

/* Begin PBXBuildFile section */
		4C61C6F41C13C03C00205047 /* Layout.swift in Sources */ = {isa = PBXBuildFile; fileRef = 4C61C6F21C13C03C00205047 /* Layout.swift */; };
		4C61C6F51C13C03C00205047 /* ViewController.swift in Sources */ = {isa = PBXBuildFile; fileRef = 4C61C6F31C13C03C00205047 /* ViewController.swift */; };
		4C61C6FC1C14BAFD00205047 /* InvalidationContext.swift in Sources */ = {isa = PBXBuildFile; fileRef = 4C61C6F91C14BAFD00205047 /* InvalidationContext.swift */; };
		4C61C6FD1C14BAFD00205047 /* Layout.swift in Sources */ = {isa = PBXBuildFile; fileRef = 4C61C6FA1C14BAFD00205047 /* Layout.swift */; };
		4C61C6FE1C14BAFD00205047 /* ViewController.swift in Sources */ = {isa = PBXBuildFile; fileRef = 4C61C6FB1C14BAFD00205047 /* ViewController.swift */; };
		4CAAD8D11C13BBFB004ADF5C /* Number.swift in Sources */ = {isa = PBXBuildFile; fileRef = 4CAAD8BA1C13BB8E004ADF5C /* Number.swift */; };
		4CAAD8D21C13BBFB004ADF5C /* AppDelegate.swift in Sources */ = {isa = PBXBuildFile; fileRef = 4CAAD8B51C13BB8E004ADF5C /* AppDelegate.swift */; };
		4CAAD8D41C13BBFB004ADF5C /* UIColor+CVA.swift in Sources */ = {isa = PBXBuildFile; fileRef = 4CAAD8BB1C13BB8E004ADF5C /* UIColor+CVA.swift */; };
		4CAAD8D51C13BBFB004ADF5C /* Cell.swift in Sources */ = {isa = PBXBuildFile; fileRef = 4CAAD8B91C13BB8E004ADF5C /* Cell.swift */; };
		4CAAD8DB1C13BBFB004ADF5C /* LaunchScreen.storyboard in Resources */ = {isa = PBXBuildFile; fileRef = 4CAAD8B71C13BB8E004ADF5C /* LaunchScreen.storyboard */; };
		4CAAD8DC1C13BBFB004ADF5C /* Assets.xcassets in Resources */ = {isa = PBXBuildFile; fileRef = 4CAAD8B61C13BB8E004ADF5C /* Assets.xcassets */; };
		4CAAD8E71C13BC09004ADF5C /* Number.swift in Sources */ = {isa = PBXBuildFile; fileRef = 4CAAD8BA1C13BB8E004ADF5C /* Number.swift */; };
		4CAAD8E81C13BC09004ADF5C /* AppDelegate.swift in Sources */ = {isa = PBXBuildFile; fileRef = 4CAAD8B51C13BB8E004ADF5C /* AppDelegate.swift */; };
		4CAAD8EA1C13BC09004ADF5C /* UIColor+CVA.swift in Sources */ = {isa = PBXBuildFile; fileRef = 4CAAD8BB1C13BB8E004ADF5C /* UIColor+CVA.swift */; };
		4CAAD8EB1C13BC09004ADF5C /* Cell.swift in Sources */ = {isa = PBXBuildFile; fileRef = 4CAAD8B91C13BB8E004ADF5C /* Cell.swift */; };
		4CAAD8F11C13BC09004ADF5C /* LaunchScreen.storyboard in Resources */ = {isa = PBXBuildFile; fileRef = 4CAAD8B71C13BB8E004ADF5C /* LaunchScreen.storyboard */; };
		4CAAD8F21C13BC09004ADF5C /* Assets.xcassets in Resources */ = {isa = PBXBuildFile; fileRef = 4CAAD8B61C13BB8E004ADF5C /* Assets.xcassets */; };
		A4F7ADA0AC4DFC7083CE0463 /* Pods_Cell_Animations.framework in Frameworks */ = {isa = PBXBuildFile; fileRef = CDEB40DC36FABA0A3B699FDA /* Pods_Cell_Animations.framework */; };
		ACBC6A59953E78ED42C138F8 /* Pods_Sticky_Headers.framework in Frameworks */ = {isa = PBXBuildFile; fileRef = 8FA8425584391DF43E7DEA77 /* Pods_Sticky_Headers.framework */; };
/* End PBXBuildFile section */

/* Begin PBXFileReference section */
		1B542BC51EFD684864BD607D /* Pods-Cell Animations.release.xcconfig */ = {isa = PBXFileReference; includeInIndex = 1; lastKnownFileType = text.xcconfig; name = "Pods-Cell Animations.release.xcconfig"; path = "Target Support Files/Pods-Cell Animations/Pods-Cell Animations.release.xcconfig"; sourceTree = "<group>"; };
		4C61C6F21C13C03C00205047 /* Layout.swift */ = {isa = PBXFileReference; fileEncoding = 4; lastKnownFileType = sourcecode.swift; path = Layout.swift; sourceTree = "<group>"; };
		4C61C6F31C13C03C00205047 /* ViewController.swift */ = {isa = PBXFileReference; fileEncoding = 4; lastKnownFileType = sourcecode.swift; path = ViewController.swift; sourceTree = "<group>"; };
		4C61C6F91C14BAFD00205047 /* InvalidationContext.swift */ = {isa = PBXFileReference; fileEncoding = 4; lastKnownFileType = sourcecode.swift; path = InvalidationContext.swift; sourceTree = "<group>"; };
		4C61C6FA1C14BAFD00205047 /* Layout.swift */ = {isa = PBXFileReference; fileEncoding = 4; lastKnownFileType = sourcecode.swift; path = Layout.swift; sourceTree = "<group>"; };
		4C61C6FB1C14BAFD00205047 /* ViewController.swift */ = {isa = PBXFileReference; fileEncoding = 4; lastKnownFileType = sourcecode.swift; path = ViewController.swift; sourceTree = "<group>"; };
		4CAAD8B51C13BB8E004ADF5C /* AppDelegate.swift */ = {isa = PBXFileReference; fileEncoding = 4; lastKnownFileType = sourcecode.swift; path = AppDelegate.swift; sourceTree = "<group>"; };
		4CAAD8B61C13BB8E004ADF5C /* Assets.xcassets */ = {isa = PBXFileReference; lastKnownFileType = folder.assetcatalog; path = Assets.xcassets; sourceTree = "<group>"; };
		4CAAD8B81C13BB8E004ADF5C /* Base */ = {isa = PBXFileReference; lastKnownFileType = file.storyboard; name = Base; path = Base.lproj/LaunchScreen.storyboard; sourceTree = "<group>"; };
		4CAAD8B91C13BB8E004ADF5C /* Cell.swift */ = {isa = PBXFileReference; fileEncoding = 4; lastKnownFileType = sourcecode.swift; path = Cell.swift; sourceTree = "<group>"; };
		4CAAD8BA1C13BB8E004ADF5C /* Number.swift */ = {isa = PBXFileReference; fileEncoding = 4; lastKnownFileType = sourcecode.swift; path = Number.swift; sourceTree = "<group>"; };
		4CAAD8BB1C13BB8E004ADF5C /* UIColor+CVA.swift */ = {isa = PBXFileReference; fileEncoding = 4; lastKnownFileType = sourcecode.swift; path = "UIColor+CVA.swift"; sourceTree = "<group>"; };
		4CAAD8E31C13BBFB004ADF5C /* Sticky Headers.app */ = {isa = PBXFileReference; explicitFileType = wrapper.application; includeInIndex = 0; path = "Sticky Headers.app"; sourceTree = BUILT_PRODUCTS_DIR; };
		4CAAD8F91C13BC09004ADF5C /* Cell Animations.app */ = {isa = PBXFileReference; explicitFileType = wrapper.application; includeInIndex = 0; path = "Cell Animations.app"; sourceTree = BUILT_PRODUCTS_DIR; };
		4CAAD8FA1C13BC5A004ADF5C /* Info.plist */ = {isa = PBXFileReference; fileEncoding = 4; lastKnownFileType = text.plist.xml; path = Info.plist; sourceTree = "<group>"; };
		83CA30A24ADB7620F9B4B15F /* Pods-Sticky Headers.release.xcconfig */ = {isa = PBXFileReference; includeInIndex = 1; lastKnownFileType = text.xcconfig; name = "Pods-Sticky Headers.release.xcconfig"; path = "Target Support Files/Pods-Sticky Headers/Pods-Sticky Headers.release.xcconfig"; sourceTree = "<group>"; };
		8FA8425584391DF43E7DEA77 /* Pods_Sticky_Headers.framework */ = {isa = PBXFileReference; explicitFileType = wrapper.framework; includeInIndex = 0; path = Pods_Sticky_Headers.framework; sourceTree = BUILT_PRODUCTS_DIR; };
		9E52C69C075234167C35A58C /* Pods-Cell Animations.debug.xcconfig */ = {isa = PBXFileReference; includeInIndex = 1; lastKnownFileType = text.xcconfig; name = "Pods-Cell Animations.debug.xcconfig"; path = "Target Support Files/Pods-Cell Animations/Pods-Cell Animations.debug.xcconfig"; sourceTree = "<group>"; };
		CDEB40DC36FABA0A3B699FDA /* Pods_Cell_Animations.framework */ = {isa = PBXFileReference; explicitFileType = wrapper.framework; includeInIndex = 0; path = Pods_Cell_Animations.framework; sourceTree = BUILT_PRODUCTS_DIR; };
		D4D6A7310F58089FA1204D15 /* Pods-Sticky Headers.debug.xcconfig */ = {isa = PBXFileReference; includeInIndex = 1; lastKnownFileType = text.xcconfig; name = "Pods-Sticky Headers.debug.xcconfig"; path = "Target Support Files/Pods-Sticky Headers/Pods-Sticky Headers.debug.xcconfig"; sourceTree = "<group>"; };
/* End PBXFileReference section */

/* Begin PBXFrameworksBuildPhase section */
		4CAAD8D81C13BBFB004ADF5C /* Frameworks */ = {
			isa = PBXFrameworksBuildPhase;
			buildActionMask = 2147483647;
			files = (
				ACBC6A59953E78ED42C138F8 /* Pods_Sticky_Headers.framework in Frameworks */,
			);
			runOnlyForDeploymentPostprocessing = 0;
		};
		4CAAD8EE1C13BC09004ADF5C /* Frameworks */ = {
			isa = PBXFrameworksBuildPhase;
			buildActionMask = 2147483647;
			files = (
				A4F7ADA0AC4DFC7083CE0463 /* Pods_Cell_Animations.framework in Frameworks */,
			);
			runOnlyForDeploymentPostprocessing = 0;
		};
/* End PBXFrameworksBuildPhase section */

/* Begin PBXGroup section */
		38A6035AD6193DE6B2D4897A /* Frameworks */ = {
			isa = PBXGroup;
			children = (
				CDEB40DC36FABA0A3B699FDA /* Pods_Cell_Animations.framework */,
				8FA8425584391DF43E7DEA77 /* Pods_Sticky_Headers.framework */,
			);
			name = Frameworks;
			sourceTree = "<group>";
		};
		4C79D3391BE3145000E4EB66 = {
			isa = PBXGroup;
			children = (
				4CAAD8B21C13BB8E004ADF5C /* Source */,
				4C79D3431BE3145000E4EB66 /* Products */,
				B5420CA960C882E0F58A324A /* Pods */,
				38A6035AD6193DE6B2D4897A /* Frameworks */,
			);
			sourceTree = "<group>";
		};
		4C79D3431BE3145000E4EB66 /* Products */ = {
			isa = PBXGroup;
			children = (
				4CAAD8E31C13BBFB004ADF5C /* Sticky Headers.app */,
				4CAAD8F91C13BC09004ADF5C /* Cell Animations.app */,
			);
			name = Products;
			sourceTree = "<group>";
		};
		4CAAD8B21C13BB8E004ADF5C /* Source */ = {
			isa = PBXGroup;
			children = (
				4CAAD8B41C13BB8E004ADF5C /* Common */,
				4CAAD8B31C13BB8E004ADF5C /* Cell Animations */,
				4CAAD8BC1C13BB8E004ADF5C /* Sticky Headers */,
			);
			path = Source;
			sourceTree = "<group>";
		};
		4CAAD8B31C13BB8E004ADF5C /* Cell Animations */ = {
			isa = PBXGroup;
			children = (
				4C61C6F21C13C03C00205047 /* Layout.swift */,
				4C61C6F31C13C03C00205047 /* ViewController.swift */,
			);
			path = "Cell Animations";
			sourceTree = "<group>";
		};
		4CAAD8B41C13BB8E004ADF5C /* Common */ = {
			isa = PBXGroup;
			children = (
				4CAAD8B51C13BB8E004ADF5C /* AppDelegate.swift */,
				4CAAD8B91C13BB8E004ADF5C /* Cell.swift */,
				4CAAD8BA1C13BB8E004ADF5C /* Number.swift */,
				4CAAD8BB1C13BB8E004ADF5C /* UIColor+CVA.swift */,
				4CAAD8CD1C13BBB8004ADF5C /* Support */,
			);
			path = Common;
			sourceTree = "<group>";
		};
		4CAAD8BC1C13BB8E004ADF5C /* Sticky Headers */ = {
			isa = PBXGroup;
			children = (
				4C61C6F91C14BAFD00205047 /* InvalidationContext.swift */,
				4C61C6FA1C14BAFD00205047 /* Layout.swift */,
				4C61C6FB1C14BAFD00205047 /* ViewController.swift */,
			);
			path = "Sticky Headers";
			sourceTree = "<group>";
		};
		4CAAD8CD1C13BBB8004ADF5C /* Support */ = {
			isa = PBXGroup;
			children = (
				4CAAD8B61C13BB8E004ADF5C /* Assets.xcassets */,
				4CAAD8B71C13BB8E004ADF5C /* LaunchScreen.storyboard */,
				4CAAD8FA1C13BC5A004ADF5C /* Info.plist */,
			);
			name = Support;
			sourceTree = "<group>";
		};
		B5420CA960C882E0F58A324A /* Pods */ = {
			isa = PBXGroup;
			children = (
				9E52C69C075234167C35A58C /* Pods-Cell Animations.debug.xcconfig */,
				1B542BC51EFD684864BD607D /* Pods-Cell Animations.release.xcconfig */,
				D4D6A7310F58089FA1204D15 /* Pods-Sticky Headers.debug.xcconfig */,
				83CA30A24ADB7620F9B4B15F /* Pods-Sticky Headers.release.xcconfig */,
			);
			path = Pods;
			sourceTree = "<group>";
		};
/* End PBXGroup section */

/* Begin PBXNativeTarget section */
		4CAAD8CE1C13BBFB004ADF5C /* Sticky Headers */ = {
			isa = PBXNativeTarget;
			buildConfigurationList = 4CAAD8E01C13BBFB004ADF5C /* Build configuration list for PBXNativeTarget "Sticky Headers" */;
			buildPhases = (
				8D986542AA3E976902AD61E7 /* [CP] Check Pods Manifest.lock */,
				4CAAD8D01C13BBFB004ADF5C /* Sources */,
				4CAAD8D81C13BBFB004ADF5C /* Frameworks */,
				4CAAD8DA1C13BBFB004ADF5C /* Resources */,
				9B97CBC27E84D3CED974A7C3 /* [CP] Embed Pods Frameworks */,
			);
			buildRules = (
			);
			dependencies = (
			);
			name = "Sticky Headers";
			productName = CollectionViewAnimations;
			productReference = 4CAAD8E31C13BBFB004ADF5C /* Sticky Headers.app */;
			productType = "com.apple.product-type.application";
		};
		4CAAD8E41C13BC09004ADF5C /* Cell Animations */ = {
			isa = PBXNativeTarget;
			buildConfigurationList = 4CAAD8F61C13BC09004ADF5C /* Build configuration list for PBXNativeTarget "Cell Animations" */;
			buildPhases = (
				94534C3B4315927247A7A59B /* [CP] Check Pods Manifest.lock */,
				4CAAD8E61C13BC09004ADF5C /* Sources */,
				4CAAD8EE1C13BC09004ADF5C /* Frameworks */,
				4CAAD8F01C13BC09004ADF5C /* Resources */,
				3C854A0E4508ED177AD419E5 /* [CP] Embed Pods Frameworks */,
			);
			buildRules = (
			);
			dependencies = (
			);
			name = "Cell Animations";
			productName = CollectionViewAnimations;
			productReference = 4CAAD8F91C13BC09004ADF5C /* Cell Animations.app */;
			productType = "com.apple.product-type.application";
		};
/* End PBXNativeTarget section */

/* Begin PBXProject section */
		4C79D33A1BE3145000E4EB66 /* Project object */ = {
			isa = PBXProject;
			attributes = {
				LastSwiftUpdateCheck = 0710;
				LastUpgradeCheck = 0710;
				ORGANIZATIONNAME = Noondev;
			};
			buildConfigurationList = 4C79D33D1BE3145000E4EB66 /* Build configuration list for PBXProject "CollectionViewAnimations" */;
			compatibilityVersion = "Xcode 3.2";
			developmentRegion = English;
			hasScannedForEncodings = 0;
			knownRegions = (
				English,
				en,
				Base,
			);
			mainGroup = 4C79D3391BE3145000E4EB66;
			productRefGroup = 4C79D3431BE3145000E4EB66 /* Products */;
			projectDirPath = "";
			projectRoot = "";
			targets = (
				4CAAD8E41C13BC09004ADF5C /* Cell Animations */,
				4CAAD8CE1C13BBFB004ADF5C /* Sticky Headers */,
			);
		};
/* End PBXProject section */

/* Begin PBXResourcesBuildPhase section */
		4CAAD8DA1C13BBFB004ADF5C /* Resources */ = {
			isa = PBXResourcesBuildPhase;
			buildActionMask = 2147483647;
			files = (
				4CAAD8DB1C13BBFB004ADF5C /* LaunchScreen.storyboard in Resources */,
				4CAAD8DC1C13BBFB004ADF5C /* Assets.xcassets in Resources */,
			);
			runOnlyForDeploymentPostprocessing = 0;
		};
		4CAAD8F01C13BC09004ADF5C /* Resources */ = {
			isa = PBXResourcesBuildPhase;
			buildActionMask = 2147483647;
			files = (
				4CAAD8F11C13BC09004ADF5C /* LaunchScreen.storyboard in Resources */,
				4CAAD8F21C13BC09004ADF5C /* Assets.xcassets in Resources */,
			);
			runOnlyForDeploymentPostprocessing = 0;
		};
/* End PBXResourcesBuildPhase section */

/* Begin PBXShellScriptBuildPhase section */
		3C854A0E4508ED177AD419E5 /* [CP] Embed Pods Frameworks */ = {
			isa = PBXShellScriptBuildPhase;
			buildActionMask = 2147483647;
			files = (
			);
			inputPaths = (
				"${PODS_ROOT}/Target Support Files/Pods-Cell Animations/Pods-Cell Animations-frameworks.sh",
				"${BUILT_PRODUCTS_DIR}/SnapKit/SnapKit.framework",
			);
			name = "[CP] Embed Pods Frameworks";
			outputPaths = (
				"${TARGET_BUILD_DIR}/${FRAMEWORKS_FOLDER_PATH}/SnapKit.framework",
			);
			runOnlyForDeploymentPostprocessing = 0;
			shellPath = /bin/sh;
			shellScript = "\"${PODS_ROOT}/Target Support Files/Pods-Cell Animations/Pods-Cell Animations-frameworks.sh\"\n";
			showEnvVarsInLog = 0;
		};
		8D986542AA3E976902AD61E7 /* [CP] Check Pods Manifest.lock */ = {
			isa = PBXShellScriptBuildPhase;
			buildActionMask = 2147483647;
			files = (
			);
			inputFileListPaths = (
			);
			inputPaths = (
				"${PODS_PODFILE_DIR_PATH}/Podfile.lock",
				"${PODS_ROOT}/Manifest.lock",
			);
			name = "[CP] Check Pods Manifest.lock";
			outputFileListPaths = (
			);
			outputPaths = (
				"$(DERIVED_FILE_DIR)/Pods-Sticky Headers-checkManifestLockResult.txt",
			);
			runOnlyForDeploymentPostprocessing = 0;
			shellPath = /bin/sh;
			shellScript = "diff \"${PODS_PODFILE_DIR_PATH}/Podfile.lock\" \"${PODS_ROOT}/Manifest.lock\" > /dev/null\nif [ $? != 0 ] ; then\n    # print error to STDERR\n    echo \"error: The sandbox is not in sync with the Podfile.lock. Run 'pod install' or update your CocoaPods installation.\" >&2\n    exit 1\nfi\n# This output is used by Xcode 'outputs' to avoid re-running this script phase.\necho \"SUCCESS\" > \"${SCRIPT_OUTPUT_FILE_0}\"\n";
			showEnvVarsInLog = 0;
		};
		94534C3B4315927247A7A59B /* [CP] Check Pods Manifest.lock */ = {
			isa = PBXShellScriptBuildPhase;
			buildActionMask = 2147483647;
			files = (
			);
			inputFileListPaths = (
			);
			inputPaths = (
				"${PODS_PODFILE_DIR_PATH}/Podfile.lock",
				"${PODS_ROOT}/Manifest.lock",
			);
			name = "[CP] Check Pods Manifest.lock";
			outputFileListPaths = (
			);
			outputPaths = (
				"$(DERIVED_FILE_DIR)/Pods-Cell Animations-checkManifestLockResult.txt",
			);
			runOnlyForDeploymentPostprocessing = 0;
			shellPath = /bin/sh;
			shellScript = "diff \"${PODS_PODFILE_DIR_PATH}/Podfile.lock\" \"${PODS_ROOT}/Manifest.lock\" > /dev/null\nif [ $? != 0 ] ; then\n    # print error to STDERR\n    echo \"error: The sandbox is not in sync with the Podfile.lock. Run 'pod install' or update your CocoaPods installation.\" >&2\n    exit 1\nfi\n# This output is used by Xcode 'outputs' to avoid re-running this script phase.\necho \"SUCCESS\" > \"${SCRIPT_OUTPUT_FILE_0}\"\n";
			showEnvVarsInLog = 0;
		};
		9B97CBC27E84D3CED974A7C3 /* [CP] Embed Pods Frameworks */ = {
			isa = PBXShellScriptBuildPhase;
			buildActionMask = 2147483647;
			files = (
			);
			inputPaths = (
				"${PODS_ROOT}/Target Support Files/Pods-Sticky Headers/Pods-Sticky Headers-frameworks.sh",
				"${BUILT_PRODUCTS_DIR}/SnapKit/SnapKit.framework",
			);
			name = "[CP] Embed Pods Frameworks";
			outputPaths = (
				"${TARGET_BUILD_DIR}/${FRAMEWORKS_FOLDER_PATH}/SnapKit.framework",
			);
			runOnlyForDeploymentPostprocessing = 0;
			shellPath = /bin/sh;
			shellScript = "\"${PODS_ROOT}/Target Support Files/Pods-Sticky Headers/Pods-Sticky Headers-frameworks.sh\"\n";
			showEnvVarsInLog = 0;
		};
/* End PBXShellScriptBuildPhase section */

/* Begin PBXSourcesBuildPhase section */
		4CAAD8D01C13BBFB004ADF5C /* Sources */ = {
			isa = PBXSourcesBuildPhase;
			buildActionMask = 2147483647;
			files = (
				4CAAD8D11C13BBFB004ADF5C /* Number.swift in Sources */,
				4CAAD8D21C13BBFB004ADF5C /* AppDelegate.swift in Sources */,
				4CAAD8D41C13BBFB004ADF5C /* UIColor+CVA.swift in Sources */,
				4CAAD8D51C13BBFB004ADF5C /* Cell.swift in Sources */,
				4C61C6FE1C14BAFD00205047 /* ViewController.swift in Sources */,
				4C61C6FC1C14BAFD00205047 /* InvalidationContext.swift in Sources */,
				4C61C6FD1C14BAFD00205047 /* Layout.swift in Sources */,
			);
			runOnlyForDeploymentPostprocessing = 0;
		};
		4CAAD8E61C13BC09004ADF5C /* Sources */ = {
			isa = PBXSourcesBuildPhase;
			buildActionMask = 2147483647;
			files = (
				4CAAD8E71C13BC09004ADF5C /* Number.swift in Sources */,
				4CAAD8E81C13BC09004ADF5C /* AppDelegate.swift in Sources */,
				4C61C6F51C13C03C00205047 /* ViewController.swift in Sources */,
				4CAAD8EA1C13BC09004ADF5C /* UIColor+CVA.swift in Sources */,
				4CAAD8EB1C13BC09004ADF5C /* Cell.swift in Sources */,
				4C61C6F41C13C03C00205047 /* Layout.swift in Sources */,
			);
			runOnlyForDeploymentPostprocessing = 0;
		};
/* End PBXSourcesBuildPhase section */

/* Begin PBXVariantGroup section */
		4CAAD8B71C13BB8E004ADF5C /* LaunchScreen.storyboard */ = {
			isa = PBXVariantGroup;
			children = (
				4CAAD8B81C13BB8E004ADF5C /* Base */,
			);
			name = LaunchScreen.storyboard;
			sourceTree = "<group>";
		};
/* End PBXVariantGroup section */

/* Begin XCBuildConfiguration section */
		4C79D3521BE3145000E4EB66 /* Debug */ = {
			isa = XCBuildConfiguration;
			buildSettings = {
				ALWAYS_SEARCH_USER_PATHS = NO;
				CLANG_CXX_LANGUAGE_STANDARD = "gnu++0x";
				CLANG_CXX_LIBRARY = "libc++";
				CLANG_ENABLE_MODULES = YES;
				CLANG_ENABLE_OBJC_ARC = YES;
				CLANG_WARN_BOOL_CONVERSION = YES;
				CLANG_WARN_CONSTANT_CONVERSION = YES;
				CLANG_WARN_DIRECT_OBJC_ISA_USAGE = YES_ERROR;
				CLANG_WARN_EMPTY_BODY = YES;
				CLANG_WARN_ENUM_CONVERSION = YES;
				CLANG_WARN_INT_CONVERSION = YES;
				CLANG_WARN_OBJC_ROOT_CLASS = YES_ERROR;
				CLANG_WARN_UNREACHABLE_CODE = YES;
				CLANG_WARN__DUPLICATE_METHOD_MATCH = YES;
				"CODE_SIGN_IDENTITY[sdk=iphoneos*]" = "iPhone Developer";
				COPY_PHASE_STRIP = NO;
				DEBUG_INFORMATION_FORMAT = dwarf;
				ENABLE_STRICT_OBJC_MSGSEND = YES;
				ENABLE_TESTABILITY = YES;
				GCC_C_LANGUAGE_STANDARD = gnu99;
				GCC_DYNAMIC_NO_PIC = NO;
				GCC_NO_COMMON_BLOCKS = YES;
				GCC_OPTIMIZATION_LEVEL = 0;
				GCC_PREPROCESSOR_DEFINITIONS = (
					"DEBUG=1",
					"$(inherited)",
				);
				GCC_WARN_64_TO_32_BIT_CONVERSION = YES;
				GCC_WARN_ABOUT_RETURN_TYPE = YES_ERROR;
				GCC_WARN_UNDECLARED_SELECTOR = YES;
				GCC_WARN_UNINITIALIZED_AUTOS = YES_AGGRESSIVE;
				GCC_WARN_UNUSED_FUNCTION = YES;
				GCC_WARN_UNUSED_VARIABLE = YES;
				IPHONEOS_DEPLOYMENT_TARGET = 9.1;
				MTL_ENABLE_DEBUG_INFO = YES;
				ONLY_ACTIVE_ARCH = YES;
				SDKROOT = iphoneos;
				SWIFT_OPTIMIZATION_LEVEL = "-Onone";
			};
			name = Debug;
		};
		4C79D3531BE3145000E4EB66 /* Release */ = {
			isa = XCBuildConfiguration;
			buildSettings = {
				ALWAYS_SEARCH_USER_PATHS = NO;
				CLANG_CXX_LANGUAGE_STANDARD = "gnu++0x";
				CLANG_CXX_LIBRARY = "libc++";
				CLANG_ENABLE_MODULES = YES;
				CLANG_ENABLE_OBJC_ARC = YES;
				CLANG_WARN_BOOL_CONVERSION = YES;
				CLANG_WARN_CONSTANT_CONVERSION = YES;
				CLANG_WARN_DIRECT_OBJC_ISA_USAGE = YES_ERROR;
				CLANG_WARN_EMPTY_BODY = YES;
				CLANG_WARN_ENUM_CONVERSION = YES;
				CLANG_WARN_INT_CONVERSION = YES;
				CLANG_WARN_OBJC_ROOT_CLASS = YES_ERROR;
				CLANG_WARN_UNREACHABLE_CODE = YES;
				CLANG_WARN__DUPLICATE_METHOD_MATCH = YES;
				"CODE_SIGN_IDENTITY[sdk=iphoneos*]" = "iPhone Developer";
				COPY_PHASE_STRIP = NO;
				DEBUG_INFORMATION_FORMAT = "dwarf-with-dsym";
				ENABLE_NS_ASSERTIONS = NO;
				ENABLE_STRICT_OBJC_MSGSEND = YES;
				GCC_C_LANGUAGE_STANDARD = gnu99;
				GCC_NO_COMMON_BLOCKS = YES;
				GCC_WARN_64_TO_32_BIT_CONVERSION = YES;
				GCC_WARN_ABOUT_RETURN_TYPE = YES_ERROR;
				GCC_WARN_UNDECLARED_SELECTOR = YES;
				GCC_WARN_UNINITIALIZED_AUTOS = YES_AGGRESSIVE;
				GCC_WARN_UNUSED_FUNCTION = YES;
				GCC_WARN_UNUSED_VARIABLE = YES;
				IPHONEOS_DEPLOYMENT_TARGET = 9.1;
				MTL_ENABLE_DEBUG_INFO = NO;
				SDKROOT = iphoneos;
				VALIDATE_PRODUCT = YES;
			};
			name = Release;
		};
		4CAAD8E11C13BBFB004ADF5C /* Debug */ = {
			isa = XCBuildConfiguration;
			baseConfigurationReference = D4D6A7310F58089FA1204D15 /* Pods-Sticky Headers.debug.xcconfig */;
			buildSettings = {
				ASSETCATALOG_COMPILER_APPICON_NAME = AppIcon;
				INFOPLIST_FILE = Source/Common/Info.plist;
				IPHONEOS_DEPLOYMENT_TARGET = 11.0;
				LD_RUNPATH_SEARCH_PATHS = "$(inherited) @executable_path/Frameworks";
				MACOSX_DEPLOYMENT_TARGET = 10.9;
				PRODUCT_BUNDLE_IDENTIFIER = com.noondev.StickyHeaders;
				PRODUCT_NAME = "$(TARGET_NAME)";
				SWIFT_VERSION = 5.0;
				TARGETED_DEVICE_FAMILY = "1,2";
				TVOS_DEPLOYMENT_TARGET = 9.0;
				WATCHOS_DEPLOYMENT_TARGET = 2.0;
			};
			name = Debug;
		};
		4CAAD8E21C13BBFB004ADF5C /* Release */ = {
			isa = XCBuildConfiguration;
			baseConfigurationReference = 83CA30A24ADB7620F9B4B15F /* Pods-Sticky Headers.release.xcconfig */;
			buildSettings = {
				ASSETCATALOG_COMPILER_APPICON_NAME = AppIcon;
				INFOPLIST_FILE = Source/Common/Info.plist;
				IPHONEOS_DEPLOYMENT_TARGET = 11.0;
				LD_RUNPATH_SEARCH_PATHS = "$(inherited) @executable_path/Frameworks";
				MACOSX_DEPLOYMENT_TARGET = 10.9;
				PRODUCT_BUNDLE_IDENTIFIER = com.noondev.StickyHeaders;
				PRODUCT_NAME = "$(TARGET_NAME)";
				SWIFT_VERSION = 5.0;
				TARGETED_DEVICE_FAMILY = "1,2";
				TVOS_DEPLOYMENT_TARGET = 9.0;
				WATCHOS_DEPLOYMENT_TARGET = 2.0;
			};
			name = Release;
		};
		4CAAD8F71C13BC09004ADF5C /* Debug */ = {
			isa = XCBuildConfiguration;
			baseConfigurationReference = 9E52C69C075234167C35A58C /* Pods-Cell Animations.debug.xcconfig */;
			buildSettings = {
				ASSETCATALOG_COMPILER_APPICON_NAME = AppIcon;
				INFOPLIST_FILE = Source/Common/Info.plist;
				IPHONEOS_DEPLOYMENT_TARGET = 11.0;
				LD_RUNPATH_SEARCH_PATHS = "$(inherited) @executable_path/Frameworks";
				MACOSX_DEPLOYMENT_TARGET = 10.9;
				PRODUCT_BUNDLE_IDENTIFIER = com.noondev.CellAnimations;
				PRODUCT_NAME = "$(TARGET_NAME)";
				SWIFT_VERSION = 5.0;
				TARGETED_DEVICE_FAMILY = "1,2";
				TVOS_DEPLOYMENT_TARGET = 9.0;
				WATCHOS_DEPLOYMENT_TARGET = 2.0;
			};
			name = Debug;
		};
		4CAAD8F81C13BC09004ADF5C /* Release */ = {
			isa = XCBuildConfiguration;
			baseConfigurationReference = 1B542BC51EFD684864BD607D /* Pods-Cell Animations.release.xcconfig */;
			buildSettings = {
				ASSETCATALOG_COMPILER_APPICON_NAME = AppIcon;
				INFOPLIST_FILE = Source/Common/Info.plist;
				IPHONEOS_DEPLOYMENT_TARGET = 11.0;
				LD_RUNPATH_SEARCH_PATHS = "$(inherited) @executable_path/Frameworks";
				MACOSX_DEPLOYMENT_TARGET = 10.9;
				PRODUCT_BUNDLE_IDENTIFIER = com.noondev.CellAnimations;
				PRODUCT_NAME = "$(TARGET_NAME)";
				SWIFT_VERSION = 5.0;
				TARGETED_DEVICE_FAMILY = "1,2";
				TVOS_DEPLOYMENT_TARGET = 9.0;
				WATCHOS_DEPLOYMENT_TARGET = 2.0;
			};
			name = Release;
		};
/* End XCBuildConfiguration section */

/* Begin XCConfigurationList section */
		4C79D33D1BE3145000E4EB66 /* Build configuration list for PBXProject "CollectionViewAnimations" */ = {
			isa = XCConfigurationList;
			buildConfigurations = (
				4C79D3521BE3145000E4EB66 /* Debug */,
				4C79D3531BE3145000E4EB66 /* Release */,
			);
			defaultConfigurationIsVisible = 0;
			defaultConfigurationName = Release;
		};
		4CAAD8E01C13BBFB004ADF5C /* Build configuration list for PBXNativeTarget "Sticky Headers" */ = {
			isa = XCConfigurationList;
			buildConfigurations = (
				4CAAD8E11C13BBFB004ADF5C /* Debug */,
				4CAAD8E21C13BBFB004ADF5C /* Release */,
			);
			defaultConfigurationIsVisible = 0;
			defaultConfigurationName = Release;
		};
		4CAAD8F61C13BC09004ADF5C /* Build configuration list for PBXNativeTarget "Cell Animations" */ = {
			isa = XCConfigurationList;
			buildConfigurations = (
				4CAAD8F71C13BC09004ADF5C /* Debug */,
				4CAAD8F81C13BC09004ADF5C /* Release */,
			);
			defaultConfigurationIsVisible = 0;
			defaultConfigurationName = Release;
		};
/* End XCConfigurationList section */
	};
	rootObject = 4C79D33A1BE3145000E4EB66 /* Project object */;
}
